{
  "name": "cdp-ui-library",
  "version": "0.0.1",
  "lockfileVersion": 1,
  "requires": true,
  "dependencies": {
    "@codeperate/stencil-windicss": {
      "version": "2.1.0",
      "resolved": "https://registry.npmjs.org/@codeperate/stencil-windicss/-/stencil-windicss-2.1.0.tgz",
      "integrity": "sha512-lW3MqIr9LX+zT1sRj+QKHsZCfPzG7hCMV/ZYMTloeqmSec2p2MXzM+kXJei4FJh8QoDuYdIhqfHpm3rHbT7tqw==",
      "requires": {
        "windicss": "^3.0.9"
      }
    },
    "@fortawesome/fontawesome-free": {
      "version": "5.15.3",
      "resolved": "https://registry.npmjs.org/@fortawesome/fontawesome-free/-/fontawesome-free-5.15.3.tgz",
      "integrity": "sha512-rFnSUN/QOtnOAgqFRooTA3H57JLDm0QEG/jPdk+tLQNL/eWd+Aok8g3qCI+Q1xuDPWpGW/i9JySpJVsq8Q0s9w=="
    },
    "@stencil/core": {
      "version": "2.6.0",
      "resolved": "https://registry.npmjs.org/@stencil/core/-/core-2.6.0.tgz",
      "integrity": "sha512-QsxWayZyusnqSZrlCl81R71rA3KqFjVVQSH4E0rGN15F1GdQaFonKlHLyCOLKLig1zzC+DQkLLiUuocexuvdeQ=="
    },
    "@stencil/store": {
      "version": "1.4.1",
      "resolved": "https://registry.npmjs.org/@stencil/store/-/store-1.4.1.tgz",
      "integrity": "sha512-kAtMblucNnDNfTpSqhN9jccExgFWmOe+4U98cXZJrg/6nozNtEd92pY6s3Jko7KUrZ+1MQJU2oLwwS8VuyK3Zg=="
    },
    "@types/node": {
      "version": "15.12.2",
      "resolved": "https://registry.npmjs.org/@types/node/-/node-15.12.2.tgz",
      "integrity": "sha512-zjQ69G564OCIWIOHSXyQEEDpdpGl+G348RAKY0XXy9Z5kU9Vzv1GMNnkar/ZJ8dzXB3COzD9Mo9NtRZ4xfgUww==",
      "dev": true
    },
    "@windicss/plugin-icons": {
      "version": "1.0.2",
      "resolved": "https://registry.npmjs.org/@windicss/plugin-icons/-/plugin-icons-1.0.2.tgz",
      "integrity": "sha512-PN6+y9TwEFQn+x6hmCUbCH2YzCfLyImcgQZQQAZ3kCZvqvZDyfKgS9TuhHY1Y0vp12lO6ULFUWpH6YIVGOPM6A==",
      "dev": true
    },
    "path-to-regexp": {
      "version": "6.2.0",
      "resolved": "https://registry.npmjs.org/path-to-regexp/-/path-to-regexp-6.2.0.tgz",
      "integrity": "sha512-f66KywYG6+43afgE/8j/GoiNyygk/bnoCbps++3ErRKsIYkGGupyv07R2Ok5m9i67Iqc+T2g1eAUGUPzWhYTyg=="
    },
    "stencil-router-v2": {
      "version": "0.6.0",
      "resolved": "https://registry.npmjs.org/stencil-router-v2/-/stencil-router-v2-0.6.0.tgz",
      "integrity": "sha512-E6ncNTIbFOleADelSQ7V/aSkZvdyTW8OKpPqxLi3AdUf8EwN0vZAMsIKHyPPS2hHLCh2/qNyVb/pbnzOszYBCw==",
      "requires": {
        "@stencil/store": "^1.1.0"
      }
    },
    "windicss": {
      "version": "3.1.3",
      "resolved": "https://registry.npmjs.org/windicss/-/windicss-3.1.3.tgz",
      "integrity": "sha512-l7fpoba2LY9AYRy4UgcuOpbPsed8UsbpEQYUVWRR1wdAwiKxK6bGIMfpiKJtjPAPdh0GOGUqr6KJar0EDZSxzg=="
    }
  }
}
